// !$*UTF8*$!
{
	archiveVersion = 1;
	classes = {
	};
	objectVersion = 46;
	objects = {

/* Begin PBXBuildFile section */
		9720ED0E202446870034D3B5 /* GameBoard.swift in Sources */ = {isa = PBXBuildFile; fileRef = 9720ED0D202446870034D3B5 /* GameBoard.swift */; };
		9720ED10202446A50034D3B5 /* Ship.swift in Sources */ = {isa = PBXBuildFile; fileRef = 9720ED0F202446A50034D3B5 /* Ship.swift */; };
		9720ED12202446C70034D3B5 /* CasePosition.swift in Sources */ = {isa = PBXBuildFile; fileRef = 9720ED11202446C70034D3B5 /* CasePosition.swift */; };
		9720ED14202447730034D3B5 /* CaseState.swift in Sources */ = {isa = PBXBuildFile; fileRef = 9720ED13202447730034D3B5 /* CaseState.swift */; };
		9720ED18202457E70034D3B5 /* NavyBattleGame.swift in Sources */ = {isa = PBXBuildFile; fileRef = 9720ED17202457E70034D3B5 /* NavyBattleGame.swift */; };
		BAA7207E1E3A8691007EC360 /* main.swift in Sources */ = {isa = PBXBuildFile; fileRef = BAA7207D1E3A8691007EC360 /* main.swift */; };
/* End PBXBuildFile section */

/* Begin PBXCopyFilesBuildPhase section */
		BAA720781E3A8691007EC360 /* CopyFiles */ = {
			isa = PBXCopyFilesBuildPhase;
			buildActionMask = 2147483647;
			dstPath = /usr/share/man/man1/;
			dstSubfolderSpec = 0;
			files = (
			);
			runOnlyForDeploymentPostprocessing = 1;
		};
/* End PBXCopyFilesBuildPhase section */

/* Begin PBXFileReference section */
		9720ED0D202446870034D3B5 /* GameBoard.swift */ = {isa = PBXFileReference; lastKnownFileType = sourcecode.swift; path = GameBoard.swift; sourceTree = "<group>"; };
		9720ED0F202446A50034D3B5 /* Ship.swift */ = {isa = PBXFileReference; lastKnownFileType = sourcecode.swift; path = Ship.swift; sourceTree = "<group>"; };
		9720ED11202446C70034D3B5 /* CasePosition.swift */ = {isa = PBXFileReference; lastKnownFileType = sourcecode.swift; path = CasePosition.swift; sourceTree = "<group>"; };
		9720ED13202447730034D3B5 /* CaseState.swift */ = {isa = PBXFileReference; lastKnownFileType = sourcecode.swift; path = CaseState.swift; sourceTree = "<group>"; };
		9720ED17202457E70034D3B5 /* NavyBattleGame.swift */ = {isa = PBXFileReference; lastKnownFileType = sourcecode.swift; path = NavyBattleGame.swift; sourceTree = "<group>"; };
		BAA7207A1E3A8691007EC360 /* NavyBattle */ = {isa = PBXFileReference; explicitFileType = "compiled.mach-o.executable"; includeInIndex = 0; path = NavyBattle; sourceTree = BUILT_PRODUCTS_DIR; };
		BAA7207D1E3A8691007EC360 /* main.swift */ = {isa = PBXFileReference; lastKnownFileType = sourcecode.swift; path = main.swift; sourceTree = "<group>"; };
/* End PBXFileReference section */

/* Begin PBXFrameworksBuildPhase section */
		BAA720771E3A8691007EC360 /* Frameworks */ = {
			isa = PBXFrameworksBuildPhase;
			buildActionMask = 2147483647;
			files = (
			);
			runOnlyForDeploymentPostprocessing = 0;
		};
/* End PBXFrameworksBuildPhase section */

/* Begin PBXGroup section */
		BAA720711E3A8691007EC360 = {
			isa = PBXGroup;
			children = (
				BAA7207C1E3A8691007EC360 /* NavyBattle */,
				BAA7207B1E3A8691007EC360 /* Products */,
			);
			sourceTree = "<group>";
		};
		BAA7207B1E3A8691007EC360 /* Products */ = {
			isa = PBXGroup;
			children = (
				BAA7207A1E3A8691007EC360 /* NavyBattle */,
			);
			name = Products;
			sourceTree = "<group>";
		};
		BAA7207C1E3A8691007EC360 /* NavyBattle */ = {
			isa = PBXGroup;
			children = (
				BAA7207D1E3A8691007EC360 /* main.swift */,
				9720ED0D202446870034D3B5 /* GameBoard.swift */,
				9720ED0F202446A50034D3B5 /* Ship.swift */,
				9720ED11202446C70034D3B5 /* CasePosition.swift */,
				9720ED13202447730034D3B5 /* CaseState.swift */,
				9720ED17202457E70034D3B5 /* NavyBattleGame.swift */,
			);
			path = NavyBattle;
			sourceTree = "<group>";
		};
/* End PBXGroup section */

/* Begin PBXNativeTarget section */
		BAA720791E3A8691007EC360 /* NavyBattle */ = {
			isa = PBXNativeTarget;
			buildConfigurationList = BAA720811E3A8691007EC360 /* Build configuration list for PBXNativeTarget "NavyBattle" */;
			buildPhases = (
				BAA720761E3A8691007EC360 /* Sources */,
				BAA720771E3A8691007EC360 /* Frameworks */,
				BAA720781E3A8691007EC360 /* CopyFiles */,
			);
			buildRules = (
			);
			dependencies = (
			);
			name = NavyBattle;
			productName = NavyBattle;
			productReference = BAA7207A1E3A8691007EC360 /* NavyBattle */;
			productType = "com.apple.product-type.tool";
		};
/* End PBXNativeTarget section */

/* Begin PBXProject section */
		BAA720721E3A8691007EC360 /* Project object */ = {
			isa = PBXProject;
			attributes = {
				LastSwiftUpdateCheck = 0820;
				LastUpgradeCheck = 0920;
				ORGANIZATIONNAME = "Richard Bergoin";
				TargetAttributes = {
					BAA720791E3A8691007EC360 = {
						CreatedOnToolsVersion = 8.2;
						DevelopmentTeam = QH6KR5PAQ7;
						LastSwiftMigration = 0920;
						ProvisioningStyle = Automatic;
					};
				};
			};
			buildConfigurationList = BAA720751E3A8691007EC360 /* Build configuration list for PBXProject "NavyBattle" */;
			compatibilityVersion = "Xcode 3.2";
			developmentRegion = English;
			hasScannedForEncodings = 0;
			knownRegions = (
				en,
			);
			mainGroup = BAA720711E3A8691007EC360;
			productRefGroup = BAA7207B1E3A8691007EC360 /* Products */;
			projectDirPath = "";
			projectRoot = "";
			targets = (
				BAA720791E3A8691007EC360 /* NavyBattle */,
			);
		};
/* End PBXProject section */

/* Begin PBXSourcesBuildPhase section */
		BAA720761E3A8691007EC360 /* Sources */ = {
			isa = PBXSourcesBuildPhase;
			buildActionMask = 2147483647;
			files = (
				9720ED0E202446870034D3B5 /* GameBoard.swift in Sources */,
				9720ED10202446A50034D3B5 /* Ship.swift in Sources */,
				9720ED14202447730034D3B5 /* CaseState.swift in Sources */,
				9720ED12202446C70034D3B5 /* CasePosition.swift in Sources */,
				BAA7207E1E3A8691007EC360 /* main.swift in Sources */,
				9720ED18202457E70034D3B5 /* NavyBattleGame.swift in Sources */,
			);
			runOnlyForDeploymentPostprocessing = 0;
		};
/* End PBXSourcesBuildPhase section */

/* Begin XCBuildConfiguration section */
		BAA7207F1E3A8691007EC360 /* Debug */ = {
			isa = XCBuildConfiguration;
			buildSettings = {
				ALWAYS_SEARCH_USER_PATHS = NO;
				CLANG_ANALYZER_NONNULL = YES;
				CLANG_CXX_LANGUAGE_STANDARD = "gnu++0x";
				CLANG_CXX_LIBRARY = "libc++";
				CLANG_ENABLE_MODULES = YES;
				CLANG_ENABLE_OBJC_ARC = YES;
				CLANG_WARN_BLOCK_CAPTURE_AUTORELEASING = YES;
				CLANG_WARN_BOOL_CONVERSION = YES;
				CLANG_WARN_COMMA = YES;
				CLANG_WARN_CONSTANT_CONVERSION = YES;
				CLANG_WARN_DIRECT_OBJC_ISA_USAGE = YES_ERROR;
				CLANG_WARN_DOCUMENTATION_COMMENTS = YES;
				CLANG_WARN_EMPTY_BODY = YES;
				CLANG_WARN_ENUM_CONVERSION = YES;
				CLANG_WARN_INFINITE_RECURSION = YES;
				CLANG_WARN_INT_CONVERSION = YES;
				CLANG_WARN_NON_LITERAL_NULL_CONVERSION = YES;
				CLANG_WARN_OBJC_LITERAL_CONVERSION = YES;
				CLANG_WARN_OBJC_ROOT_CLASS = YES_ERROR;
				CLANG_WARN_RANGE_LOOP_ANALYSIS = YES;
				CLANG_WARN_STRICT_PROTOTYPES = YES;
				CLANG_WARN_SUSPICIOUS_MOVE = YES;
				CLANG_WARN_UNREACHABLE_CODE = YES;
				CLANG_WARN__DUPLICATE_METHOD_MATCH = YES;
				CODE_SIGN_IDENTITY = "-";
				COPY_PHASE_STRIP = NO;
				DEBUG_INFORMATION_FORMAT = dwarf;
				ENABLE_STRICT_OBJC_MSGSEND = YES;
				ENABLE_TESTABILITY = YES;
				GCC_C_LANGUAGE_STANDARD = gnu99;
				GCC_DYNAMIC_NO_PIC = NO;
				GCC_NO_COMMON_BLOCKS = YES;
				GCC_OPTIMIZATION_LEVEL = 0;
				GCC_PREPROCESSOR_DEFINITIONS = (
					"DEBUG=1",
					"$(inherited)",
				);
				GCC_WARN_64_TO_32_BIT_CONVERSION = YES;
				GCC_WARN_ABOUT_RETURN_TYPE = YES_ERROR;
				GCC_WARN_UNDECLARED_SELECTOR = YES;
				GCC_WARN_UNINITIALIZED_AUTOS = YES_AGGRESSIVE;
				GCC_WARN_UNUSED_FUNCTION = YES;
				GCC_WARN_UNUSED_VARIABLE = YES;
				MACOSX_DEPLOYMENT_TARGET = 10.12;
				MTL_ENABLE_DEBUG_INFO = YES;
				ONLY_ACTIVE_ARCH = YES;
				SDKROOT = macosx;
				SWIFT_OPTIMIZATION_LEVEL = "-Onone";
			};
			name = Debug;
		};
		BAA720801E3A8691007EC360 /* Release */ = {
			isa = XCBuildConfiguration;
			buildSettings = {
				ALWAYS_SEARCH_USER_PATHS = NO;
				CLANG_ANALYZER_NONNULL = YES;
				CLANG_CXX_LANGUAGE_STANDARD = "gnu++0x";
				CLANG_CXX_LIBRARY = "libc++";
				CLANG_ENABLE_MODULES = YES;
				CLANG_ENABLE_OBJC_ARC = YES;
				CLANG_WARN_BLOCK_CAPTURE_AUTORELEASING = YES;
				CLANG_WARN_BOOL_CONVERSION = YES;
				CLANG_WARN_COMMA = YES;
				CLANG_WARN_CONSTANT_CONVERSION = YES;
				CLANG_WARN_DIRECT_OBJC_ISA_USAGE = YES_ERROR;
				CLANG_WARN_DOCUMENTATION_COMMENTS = YES;
				CLANG_WARN_EMPTY_BODY = YES;
				CLANG_WARN_ENUM_CONVERSION = YES;
				CLANG_WARN_INFINITE_RECURSION = YES;
				CLANG_WARN_INT_CONVERSION = YES;
				CLANG_WARN_NON_LITERAL_NULL_CONVERSION = YES;
				CLANG_WARN_OBJC_LITERAL_CONVERSION = YES;
				CLANG_WARN_OBJC_ROOT_CLASS = YES_ERROR;
				CLANG_WARN_RANGE_LOOP_ANALYSIS = YES;
				CLANG_WARN_STRICT_PROTOTYPES = YES;
				CLANG_WARN_SUSPICIOUS_MOVE = YES;
				CLANG_WARN_UNREACHABLE_CODE = YES;
				CLANG_WARN__DUPLICATE_METHOD_MATCH = YES;
				CODE_SIGN_IDENTITY = "-";
				COPY_PHASE_STRIP = NO;
				DEBUG_INFORMATION_FORMAT = "dwarf-with-dsym";
				ENABLE_NS_ASSERTIONS = NO;
				ENABLE_STRICT_OBJC_MSGSEND = YES;
				GCC_C_LANGUAGE_STANDARD = gnu99;
				GCC_NO_COMMON_BLOCKS = YES;
				GCC_WARN_64_TO_32_BIT_CONVERSION = YES;
				GCC_WARN_ABOUT_RETURN_TYPE = YES_ERROR;
				GCC_WARN_UNDECLARED_SELECTOR = YES;
				GCC_WARN_UNINITIALIZED_AUTOS = YES_AGGRESSIVE;
				GCC_WARN_UNUSED_FUNCTION = YES;
				GCC_WARN_UNUSED_VARIABLE = YES;
				MACOSX_DEPLOYMENT_TARGET = 10.12;
				MTL_ENABLE_DEBUG_INFO = NO;
				SDKROOT = macosx;
				SWIFT_OPTIMIZATION_LEVEL = "-Owholemodule";
			};
			name = Release;
		};
		BAA720821E3A8691007EC360 /* Debug */ = {
			isa = XCBuildConfiguration;
			buildSettings = {
				DEVELOPMENT_TEAM = QH6KR5PAQ7;
				PRODUCT_NAME = "$(TARGET_NAME)";
				SWIFT_SWIFT3_OBJC_INFERENCE = Off;
				SWIFT_VERSION = 4.0;
			};
			name = Debug;
		};
		BAA720831E3A8691007EC360 /* Release */ = {
			isa = XCBuildConfiguration;
			buildSettings = {
				DEVELOPMENT_TEAM = QH6KR5PAQ7;
				PRODUCT_NAME = "$(TARGET_NAME)";
				SWIFT_SWIFT3_OBJC_INFERENCE = Off;
				SWIFT_VERSION = 4.0;
			};
			name = Release;
		};
/* End XCBuildConfiguration section */

/* Begin XCConfigurationList section */
		BAA720751E3A8691007EC360 /* Build configuration list for PBXProject "NavyBattle" */ = {
			isa = XCConfigurationList;
			buildConfigurations = (
				BAA7207F1E3A8691007EC360 /* Debug */,
				BAA720801E3A8691007EC360 /* Release */,
			);
			defaultConfigurationIsVisible = 0;
			defaultConfigurationName = Release;
		};
		BAA720811E3A8691007EC360 /* Build configuration list for PBXNativeTarget "NavyBattle" */ = {
			isa = XCConfigurationList;
			buildConfigurations = (
				BAA720821E3A8691007EC360 /* Debug */,
				BAA720831E3A8691007EC360 /* Release */,
			);
			defaultConfigurationIsVisible = 0;
			defaultConfigurationName = Release;
		};
/* End XCConfigurationList section */
	};
	rootObject = BAA720721E3A8691007EC360 /* Project object */;
}
